
Microsoft Visual Studio Solution File, Format Version 12.00
# Visual Studio Version 16
VisualStudioVersion = 16.0.31112.23
MinimumVisualStudioVersion = 10.0.40219.1
Project("{2150E333-8FDC-42A3-9474-1A3956D46DE8}") = "Services", "Services", "{05F91A74-C6DE-4469-A8E2-EB58ECCE28E7}"
EndProject
Project("{2150E333-8FDC-42A3-9474-1A3956D46DE8}") = "WebApps", "WebApps", "{DAF0BF33-CA01-45F2-932E-B8FFF60DBBB4}"
EndProject
Project("{2150E333-8FDC-42A3-9474-1A3956D46DE8}") = "Cadastros", "Cadastros", "{678A8E4E-5922-41DA-AB66-6D34330BED2B}"
EndProject
Project("{2150E333-8FDC-42A3-9474-1A3956D46DE8}") = "Catalogo", "Catalogo", "{047DEA06-9EA5-4F9C-B722-55047C5A5C5E}"
EndProject
Project("{2150E333-8FDC-42A3-9474-1A3956D46DE8}") = "Core", "Core", "{57659237-983A-4BD3-9645-C6F23FDC0F13}"
EndProject
Project("{2150E333-8FDC-42A3-9474-1A3956D46DE8}") = "Fiscal", "Fiscal", "{440EFBC1-9627-4DE4-9783-725294FDD525}"
EndProject
Project("{2150E333-8FDC-42A3-9474-1A3956D46DE8}") = "Pagamentos", "Pagamentos", "{9EF15E26-1BE2-450B-BBA6-C45DC59B3846}"
EndProject
Project("{2150E333-8FDC-42A3-9474-1A3956D46DE8}") = "Vendas", "Vendas", "{C2690E75-4197-49E6-9AAD-EBA4997B7741}"
EndProject
Project("{2150E333-8FDC-42A3-9474-1A3956D46DE8}") = "Tests", "Tests", "{7F823A75-E3BD-4061-8545-C45CA9EBB1A0}"
EndProject
Project("{9A19103F-16F7-4668-BE54-9A1E7A4F7556}") = "NerdStore.Catalogo.Domain", "src\NerdStore.Catalogo.Domain\NerdStore.Catalogo.Domain.csproj", "{B9A544A7-43FE-480B-8556-B52C99ACC4E0}"
EndProject
Project("{9A19103F-16F7-4668-BE54-9A1E7A4F7556}") = "NerdStore.Core", "src\NerdStore.Core\NerdStore.Core.csproj", "{F0DE8B16-BF48-4E42-94C0-D00BE9198B13}"
EndProject
Project("{9A19103F-16F7-4668-BE54-9A1E7A4F7556}") = "NerdStore.Catalogo.Domain.Tests", "src\NerdStore.Catalogo.Domain.Tests\NerdStore.Catalogo.Domain.Tests.csproj", "{E2484455-4312-4497-930F-D007330573F1}"
EndProject
Project("{9A19103F-16F7-4668-BE54-9A1E7A4F7556}") = "NerdStore.Catalogo.Data", "src\NerdStore.Catalogo.Data\NerdStore.Catalogo.Data.csproj", "{A72B600C-7E68-4C77-9403-45C62D59BDCF}"
EndProject
Project("{9A19103F-16F7-4668-BE54-9A1E7A4F7556}") = "NerdStore.Catalogo.Application", "src\NerdStore.Catalogo.Application\NerdStore.Catalogo.Application.csproj", "{94D6EB65-8A19-4F2D-BD80-18824C6C1A2E}"
EndProject
Global
	GlobalSection(SolutionConfigurationPlatforms) = preSolution
		Debug|Any CPU = Debug|Any CPU
		Release|Any CPU = Release|Any CPU
	EndGlobalSection
	GlobalSection(ProjectConfigurationPlatforms) = postSolution
		{B9A544A7-43FE-480B-8556-B52C99ACC4E0}.Debug|Any CPU.ActiveCfg = Debug|Any CPU
		{B9A544A7-43FE-480B-8556-B52C99ACC4E0}.Debug|Any CPU.Build.0 = Debug|Any CPU
		{B9A544A7-43FE-480B-8556-B52C99ACC4E0}.Release|Any CPU.ActiveCfg = Release|Any CPU
		{B9A544A7-43FE-480B-8556-B52C99ACC4E0}.Release|Any CPU.Build.0 = Release|Any CPU
		{F0DE8B16-BF48-4E42-94C0-D00BE9198B13}.Debug|Any CPU.ActiveCfg = Debug|Any CPU
		{F0DE8B16-BF48-4E42-94C0-D00BE9198B13}.Debug|Any CPU.Build.0 = Debug|Any CPU
		{F0DE8B16-BF48-4E42-94C0-D00BE9198B13}.Release|Any CPU.ActiveCfg = Release|Any CPU
		{F0DE8B16-BF48-4E42-94C0-D00BE9198B13}.Release|Any CPU.Build.0 = Release|Any CPU
		{E2484455-4312-4497-930F-D007330573F1}.Debug|Any CPU.ActiveCfg = Debug|Any CPU
		{E2484455-4312-4497-930F-D007330573F1}.Debug|Any CPU.Build.0 = Debug|Any CPU
		{E2484455-4312-4497-930F-D007330573F1}.Release|Any CPU.ActiveCfg = Release|Any CPU
		{E2484455-4312-4497-930F-D007330573F1}.Release|Any CPU.Build.0 = Release|Any CPU
		{A72B600C-7E68-4C77-9403-45C62D59BDCF}.Debug|Any CPU.ActiveCfg = Debug|Any CPU
		{A72B600C-7E68-4C77-9403-45C62D59BDCF}.Debug|Any CPU.Build.0 = Debug|Any CPU
		{A72B600C-7E68-4C77-9403-45C62D59BDCF}.Release|Any CPU.ActiveCfg = Release|Any CPU
		{A72B600C-7E68-4C77-9403-45C62D59BDCF}.Release|Any CPU.Build.0 = Release|Any CPU
		{94D6EB65-8A19-4F2D-BD80-18824C6C1A2E}.Debug|Any CPU.ActiveCfg = Debug|Any CPU
		{94D6EB65-8A19-4F2D-BD80-18824C6C1A2E}.Debug|Any CPU.Build.0 = Debug|Any CPU
		{94D6EB65-8A19-4F2D-BD80-18824C6C1A2E}.Release|Any CPU.ActiveCfg = Release|Any CPU
		{94D6EB65-8A19-4F2D-BD80-18824C6C1A2E}.Release|Any CPU.Build.0 = Release|Any CPU
	EndGlobalSection
	GlobalSection(SolutionProperties) = preSolution
		HideSolutionNode = FALSE
	EndGlobalSection
	GlobalSection(NestedProjects) = preSolution
		{678A8E4E-5922-41DA-AB66-6D34330BED2B} = {05F91A74-C6DE-4469-A8E2-EB58ECCE28E7}
		{047DEA06-9EA5-4F9C-B722-55047C5A5C5E} = {05F91A74-C6DE-4469-A8E2-EB58ECCE28E7}
		{57659237-983A-4BD3-9645-C6F23FDC0F13} = {05F91A74-C6DE-4469-A8E2-EB58ECCE28E7}
		{440EFBC1-9627-4DE4-9783-725294FDD525} = {05F91A74-C6DE-4469-A8E2-EB58ECCE28E7}
		{9EF15E26-1BE2-450B-BBA6-C45DC59B3846} = {05F91A74-C6DE-4469-A8E2-EB58ECCE28E7}
		{C2690E75-4197-49E6-9AAD-EBA4997B7741} = {05F91A74-C6DE-4469-A8E2-EB58ECCE28E7}
		{7F823A75-E3BD-4061-8545-C45CA9EBB1A0} = {047DEA06-9EA5-4F9C-B722-55047C5A5C5E}
		{B9A544A7-43FE-480B-8556-B52C99ACC4E0} = {047DEA06-9EA5-4F9C-B722-55047C5A5C5E}
		{F0DE8B16-BF48-4E42-94C0-D00BE9198B13} = {57659237-983A-4BD3-9645-C6F23FDC0F13}
		{E2484455-4312-4497-930F-D007330573F1} = {7F823A75-E3BD-4061-8545-C45CA9EBB1A0}
		{A72B600C-7E68-4C77-9403-45C62D59BDCF} = {047DEA06-9EA5-4F9C-B722-55047C5A5C5E}
		{94D6EB65-8A19-4F2D-BD80-18824C6C1A2E} = {047DEA06-9EA5-4F9C-B722-55047C5A5C5E}
	EndGlobalSection
	GlobalSection(ExtensibilityGlobals) = postSolution
		SolutionGuid = {B4AEBA00-5C9F-4E2C-96F9-63D55C00FB0F}
	EndGlobalSection
EndGlobal
